
Microsoft Visual Studio Solution File, Format Version 12.00
# Visual Studio Version 17
VisualStudioVersion = 17.6.33815.320
MinimumVisualStudioVersion = 10.0.40219.1
Project("{FAE04EC0-301F-11D3-BF4B-00C04F79EFBC}") = "N2-HT2", "N3_T3_HW\N2-HT2.csproj", "{FF6DBBD0-C9FE-47A2-858B-A55B6E8F639B}"
EndProject
Global
	GlobalSection(SolutionConfigurationPlatforms) = preSolution
		Debug|Any CPU = Debug|Any CPU
		Release|Any CPU = Release|Any CPU
	EndGlobalSection
	GlobalSection(ProjectConfigurationPlatforms) = postSolution
		{FF6DBBD0-C9FE-47A2-858B-A55B6E8F639B}.Debug|Any CPU.ActiveCfg = Debug|Any CPU
		{FF6DBBD0-C9FE-47A2-858B-A55B6E8F639B}.Debug|Any CPU.Build.0 = Debug|Any CPU
		{FF6DBBD0-C9FE-47A2-858B-A55B6E8F639B}.Release|Any CPU.ActiveCfg = Release|Any CPU
		{FF6DBBD0-C9FE-47A2-858B-A55B6E8F639B}.Release|Any CPU.Build.0 = Release|Any CPU
	EndGlobalSection
	GlobalSection(SolutionProperties) = preSolution
		HideSolutionNode = FALSE
	EndGlobalSection
	GlobalSection(ExtensibilityGlobals) = postSolution
		SolutionGuid = {0682D8D1-96AD-4205-B35F-899A36E48E92}
	EndGlobalSection
EndGlobal
